
Microsoft Visual Studio Solution File, Format Version 12.00
# Visual Studio Version 16
VisualStudioVersion = 16.0.31112.23
MinimumVisualStudioVersion = 10.0.40219.1
Project("{FAE04EC0-301F-11D3-BF4B-00C04F79EFBC}") = "NGS_Studio.Android", "NGS_Studio\NGS_Studio.Android\NGS_Studio.Android.csproj", "{163340E3-DFF8-495D-8030-7737D1FF69EE}"
EndProject
Project("{FAE04EC0-301F-11D3-BF4B-00C04F79EFBC}") = "NGS_Studio.iOS", "NGS_Studio\NGS_Studio.iOS\NGS_Studio.iOS.csproj", "{5DC1AAF3-D3C6-4A1D-B942-EA53FC99270B}"
EndProject
Project("{9A19103F-16F7-4668-BE54-9A1E7A4F7556}") = "NGS_Studio", "NGS_Studio\NGS_Studio\NGS_Studio.csproj", "{65374965-D3C3-46E2-8111-B94F7FB06CCF}"
EndProject
Global
	GlobalSection(SolutionConfigurationPlatforms) = preSolution
		Debug|Any CPU = Debug|Any CPU
		Debug|iPhone = Debug|iPhone
		Debug|iPhoneSimulator = Debug|iPhoneSimulator
		Release|Any CPU = Release|Any CPU
		Release|iPhone = Release|iPhone
		Release|iPhoneSimulator = Release|iPhoneSimulator
	EndGlobalSection
	GlobalSection(ProjectConfigurationPlatforms) = postSolution
		{163340E3-DFF8-495D-8030-7737D1FF69EE}.Debug|Any CPU.ActiveCfg = Debug|Any CPU
		{163340E3-DFF8-495D-8030-7737D1FF69EE}.Debug|Any CPU.Build.0 = Debug|Any CPU
		{163340E3-DFF8-495D-8030-7737D1FF69EE}.Debug|Any CPU.Deploy.0 = Debug|Any CPU
		{163340E3-DFF8-495D-8030-7737D1FF69EE}.Debug|iPhone.ActiveCfg = Debug|Any CPU
		{163340E3-DFF8-495D-8030-7737D1FF69EE}.Debug|iPhone.Build.0 = Debug|Any CPU
		{163340E3-DFF8-495D-8030-7737D1FF69EE}.Debug|iPhone.Deploy.0 = Debug|Any CPU
		{163340E3-DFF8-495D-8030-7737D1FF69EE}.Debug|iPhoneSimulator.ActiveCfg = Debug|Any CPU
		{163340E3-DFF8-495D-8030-7737D1FF69EE}.Debug|iPhoneSimulator.Build.0 = Debug|Any CPU
		{163340E3-DFF8-495D-8030-7737D1FF69EE}.Debug|iPhoneSimulator.Deploy.0 = Debug|Any CPU
		{163340E3-DFF8-495D-8030-7737D1FF69EE}.Release|Any CPU.ActiveCfg = Release|Any CPU
		{163340E3-DFF8-495D-8030-7737D1FF69EE}.Release|Any CPU.Build.0 = Release|Any CPU
		{163340E3-DFF8-495D-8030-7737D1FF69EE}.Release|Any CPU.Deploy.0 = Release|Any CPU
		{163340E3-DFF8-495D-8030-7737D1FF69EE}.Release|iPhone.ActiveCfg = Release|Any CPU
		{163340E3-DFF8-495D-8030-7737D1FF69EE}.Release|iPhone.Build.0 = Release|Any CPU
		{163340E3-DFF8-495D-8030-7737D1FF69EE}.Release|iPhone.Deploy.0 = Release|Any CPU
		{163340E3-DFF8-495D-8030-7737D1FF69EE}.Release|iPhoneSimulator.ActiveCfg = Release|Any CPU
		{163340E3-DFF8-495D-8030-7737D1FF69EE}.Release|iPhoneSimulator.Build.0 = Release|Any CPU
		{163340E3-DFF8-495D-8030-7737D1FF69EE}.Release|iPhoneSimulator.Deploy.0 = Release|Any CPU
		{5DC1AAF3-D3C6-4A1D-B942-EA53FC99270B}.Debug|Any CPU.ActiveCfg = Debug|iPhone
		{5DC1AAF3-D3C6-4A1D-B942-EA53FC99270B}.Debug|Any CPU.Deploy.0 = Debug|iPhone
		{5DC1AAF3-D3C6-4A1D-B942-EA53FC99270B}.Debug|iPhone.ActiveCfg = Debug|iPhone
		{5DC1AAF3-D3C6-4A1D-B942-EA53FC99270B}.Debug|iPhone.Build.0 = Debug|iPhone
		{5DC1AAF3-D3C6-4A1D-B942-EA53FC99270B}.Debug|iPhone.Deploy.0 = Debug|iPhone
		{5DC1AAF3-D3C6-4A1D-B942-EA53FC99270B}.Debug|iPhoneSimulator.ActiveCfg = Debug|iPhoneSimulator
		{5DC1AAF3-D3C6-4A1D-B942-EA53FC99270B}.Debug|iPhoneSimulator.Build.0 = Debug|iPhoneSimulator
		{5DC1AAF3-D3C6-4A1D-B942-EA53FC99270B}.Debug|iPhoneSimulator.Deploy.0 = Debug|iPhoneSimulator
		{5DC1AAF3-D3C6-4A1D-B942-EA53FC99270B}.Release|Any CPU.ActiveCfg = Release|iPhoneSimulator
		{5DC1AAF3-D3C6-4A1D-B942-EA53FC99270B}.Release|Any CPU.Build.0 = Release|iPhoneSimulator
		{5DC1AAF3-D3C6-4A1D-B942-EA53FC99270B}.Release|Any CPU.Deploy.0 = Release|iPhoneSimulator
		{5DC1AAF3-D3C6-4A1D-B942-EA53FC99270B}.Release|iPhone.ActiveCfg = Release|iPhone
		{5DC1AAF3-D3C6-4A1D-B942-EA53FC99270B}.Release|iPhone.Build.0 = Release|iPhone
		{5DC1AAF3-D3C6-4A1D-B942-EA53FC99270B}.Release|iPhone.Deploy.0 = Release|iPhone
		{5DC1AAF3-D3C6-4A1D-B942-EA53FC99270B}.Release|iPhoneSimulator.ActiveCfg = Release|iPhoneSimulator
		{5DC1AAF3-D3C6-4A1D-B942-EA53FC99270B}.Release|iPhoneSimulator.Build.0 = Release|iPhoneSimulator
		{5DC1AAF3-D3C6-4A1D-B942-EA53FC99270B}.Release|iPhoneSimulator.Deploy.0 = Release|iPhoneSimulator
		{65374965-D3C3-46E2-8111-B94F7FB06CCF}.Debug|Any CPU.ActiveCfg = Debug|Any CPU
		{65374965-D3C3-46E2-8111-B94F7FB06CCF}.Debug|Any CPU.Build.0 = Debug|Any CPU
		{65374965-D3C3-46E2-8111-B94F7FB06CCF}.Debug|Any CPU.Deploy.0 = Debug|Any CPU
		{65374965-D3C3-46E2-8111-B94F7FB06CCF}.Debug|iPhone.ActiveCfg = Debug|Any CPU
		{65374965-D3C3-46E2-8111-B94F7FB06CCF}.Debug|iPhone.Build.0 = Debug|Any CPU
		{65374965-D3C3-46E2-8111-B94F7FB06CCF}.Debug|iPhone.Deploy.0 = Debug|Any CPU
		{65374965-D3C3-46E2-8111-B94F7FB06CCF}.Debug|iPhoneSimulator.ActiveCfg = Debug|Any CPU
		{65374965-D3C3-46E2-8111-B94F7FB06CCF}.Debug|iPhoneSimulator.Build.0 = Debug|Any CPU
		{65374965-D3C3-46E2-8111-B94F7FB06CCF}.Debug|iPhoneSimulator.Deploy.0 = Debug|Any CPU
		{65374965-D3C3-46E2-8111-B94F7FB06CCF}.Release|Any CPU.ActiveCfg = Release|Any CPU
		{65374965-D3C3-46E2-8111-B94F7FB06CCF}.Release|Any CPU.Build.0 = Release|Any CPU
		{65374965-D3C3-46E2-8111-B94F7FB06CCF}.Release|Any CPU.Deploy.0 = Release|Any CPU
		{65374965-D3C3-46E2-8111-B94F7FB06CCF}.Release|iPhone.ActiveCfg = Release|Any CPU
		{65374965-D3C3-46E2-8111-B94F7FB06CCF}.Release|iPhone.Build.0 = Release|Any CPU
		{65374965-D3C3-46E2-8111-B94F7FB06CCF}.Release|iPhone.Deploy.0 = Release|Any CPU
		{65374965-D3C3-46E2-8111-B94F7FB06CCF}.Release|iPhoneSimulator.ActiveCfg = Release|Any CPU
		{65374965-D3C3-46E2-8111-B94F7FB06CCF}.Release|iPhoneSimulator.Build.0 = Release|Any CPU
		{65374965-D3C3-46E2-8111-B94F7FB06CCF}.Release|iPhoneSimulator.Deploy.0 = Release|Any CPU
	EndGlobalSection
	GlobalSection(SolutionProperties) = preSolution
		HideSolutionNode = FALSE
	EndGlobalSection
	GlobalSection(ExtensibilityGlobals) = postSolution
		SolutionGuid = {E4AB37EE-E752-40F8-865F-E31499609CBD}
	EndGlobalSection
EndGlobal
